// !$*UTF8*$!
{
	archiveVersion = 1;
	classes = {
	};
	objectVersion = 46;
	objects = {

/* Begin PBXBuildFile section */
		4A1196FB16300E2800498B14 /* UIKit.framework in Frameworks */ = {isa = PBXBuildFile; fileRef = 4A1196FA16300E2800498B14 /* UIKit.framework */; };
		4A1196FD16300E2800498B14 /* Foundation.framework in Frameworks */ = {isa = PBXBuildFile; fileRef = 4A1196FC16300E2800498B14 /* Foundation.framework */; };
		4A1196FF16300E2800498B14 /* CoreGraphics.framework in Frameworks */ = {isa = PBXBuildFile; fileRef = 4A1196FE16300E2800498B14 /* CoreGraphics.framework */; };
		4A11970516300E2800498B14 /* InfoPlist.strings in Resources */ = {isa = PBXBuildFile; fileRef = 4A11970316300E2800498B14 /* InfoPlist.strings */; };
		4A11970716300E2800498B14 /* main.m in Sources */ = {isa = PBXBuildFile; fileRef = 4A11970616300E2800498B14 /* main.m */; };
		4A11970B16300E2800498B14 /* AppDelegate.m in Sources */ = {isa = PBXBuildFile; fileRef = 4A11970A16300E2800498B14 /* AppDelegate.m */; };
		4A11970D16300E2800498B14 /* Default.png in Resources */ = {isa = PBXBuildFile; fileRef = 4A11970C16300E2800498B14 /* Default.png */; };
		4A11970F16300E2800498B14 /* Default@2x.png in Resources */ = {isa = PBXBuildFile; fileRef = 4A11970E16300E2800498B14 /* Default@2x.png */; };
		4A11971116300E2800498B14 /* Default-568h@2x.png in Resources */ = {isa = PBXBuildFile; fileRef = 4A11971016300E2800498B14 /* Default-568h@2x.png */; };
		4A11971816300E3D00498B14 /* Storyboard.storyboard in Resources */ = {isa = PBXBuildFile; fileRef = 4A11971716300E3D00498B14 /* Storyboard.storyboard */; };
/* End PBXBuildFile section */

/* Begin PBXFileReference section */
		4A1196F616300E2800498B14 /* StoryboardDemo.app */ = {isa = PBXFileReference; explicitFileType = wrapper.application; includeInIndex = 0; path = StoryboardDemo.app; sourceTree = BUILT_PRODUCTS_DIR; };
		4A1196FA16300E2800498B14 /* UIKit.framework */ = {isa = PBXFileReference; lastKnownFileType = wrapper.framework; name = UIKit.framework; path = System/Library/Frameworks/UIKit.framework; sourceTree = SDKROOT; };
		4A1196FC16300E2800498B14 /* Foundation.framework */ = {isa = PBXFileReference; lastKnownFileType = wrapper.framework; name = Foundation.framework; path = System/Library/Frameworks/Foundation.framework; sourceTree = SDKROOT; };
		4A1196FE16300E2800498B14 /* CoreGraphics.framework */ = {isa = PBXFileReference; lastKnownFileType = wrapper.framework; name = CoreGraphics.framework; path = System/Library/Frameworks/CoreGraphics.framework; sourceTree = SDKROOT; };
		4A11970216300E2800498B14 /* StoryboardDemo-Info.plist */ = {isa = PBXFileReference; lastKnownFileType = text.plist.xml; path = "StoryboardDemo-Info.plist"; sourceTree = "<group>"; };
		4A11970416300E2800498B14 /* en */ = {isa = PBXFileReference; lastKnownFileType = text.plist.strings; name = en; path = en.lproj/InfoPlist.strings; sourceTree = "<group>"; };
		4A11970616300E2800498B14 /* main.m */ = {isa = PBXFileReference; lastKnownFileType = sourcecode.c.objc; path = main.m; sourceTree = "<group>"; };
		4A11970816300E2800498B14 /* StoryboardDemo-Prefix.pch */ = {isa = PBXFileReference; lastKnownFileType = sourcecode.c.h; path = "StoryboardDemo-Prefix.pch"; sourceTree = "<group>"; };
		4A11970916300E2800498B14 /* AppDelegate.h */ = {isa = PBXFileReference; lastKnownFileType = sourcecode.c.h; path = AppDelegate.h; sourceTree = "<group>"; };
		4A11970A16300E2800498B14 /* AppDelegate.m */ = {isa = PBXFileReference; lastKnownFileType = sourcecode.c.objc; path = AppDelegate.m; sourceTree = "<group>"; };
		4A11970C16300E2800498B14 /* Default.png */ = {isa = PBXFileReference; lastKnownFileType = image.png; path = Default.png; sourceTree = "<group>"; };
		4A11970E16300E2800498B14 /* Default@2x.png */ = {isa = PBXFileReference; lastKnownFileType = image.png; path = "Default@2x.png"; sourceTree = "<group>"; };
		4A11971016300E2800498B14 /* Default-568h@2x.png */ = {isa = PBXFileReference; lastKnownFileType = image.png; path = "Default-568h@2x.png"; sourceTree = "<group>"; };
		4A11971716300E3D00498B14 /* Storyboard.storyboard */ = {isa = PBXFileReference; fileEncoding = 4; lastKnownFileType = file.storyboard; path = Storyboard.storyboard; sourceTree = "<group>"; };
/* End PBXFileReference section */

/* Begin PBXFrameworksBuildPhase section */
		4A1196F316300E2800498B14 /* Frameworks */ = {
			isa = PBXFrameworksBuildPhase;
			buildActionMask = 2147483647;
			files = (
				4A1196FB16300E2800498B14 /* UIKit.framework in Frameworks */,
				4A1196FD16300E2800498B14 /* Foundation.framework in Frameworks */,
				4A1196FF16300E2800498B14 /* CoreGraphics.framework in Frameworks */,
			);
			runOnlyForDeploymentPostprocessing = 0;
		};
/* End PBXFrameworksBuildPhase section */

/* Begin PBXGroup section */
		4A1196EB16300E2800498B14 = {
			isa = PBXGroup;
			children = (
				4A11971716300E3D00498B14 /* Storyboard.storyboard */,
				4A11970016300E2800498B14 /* StoryboardDemo */,
				4A1196F916300E2800498B14 /* Frameworks */,
				4A1196F716300E2800498B14 /* Products */,
			);
			sourceTree = "<group>";
		};
		4A1196F716300E2800498B14 /* Products */ = {
			isa = PBXGroup;
			children = (
				4A1196F616300E2800498B14 /* StoryboardDemo.app */,
			);
			name = Products;
			sourceTree = "<group>";
		};
		4A1196F916300E2800498B14 /* Frameworks */ = {
			isa = PBXGroup;
			children = (
				4A1196FA16300E2800498B14 /* UIKit.framework */,
				4A1196FC16300E2800498B14 /* Foundation.framework */,
				4A1196FE16300E2800498B14 /* CoreGraphics.framework */,
			);
			name = Frameworks;
			sourceTree = "<group>";
		};
		4A11970016300E2800498B14 /* StoryboardDemo */ = {
			isa = PBXGroup;
			children = (
				4A11970916300E2800498B14 /* AppDelegate.h */,
				4A11970A16300E2800498B14 /* AppDelegate.m */,
				4A11970116300E2800498B14 /* Supporting Files */,
			);
			path = StoryboardDemo;
			sourceTree = "<group>";
		};
		4A11970116300E2800498B14 /* Supporting Files */ = {
			isa = PBXGroup;
			children = (
				4A11970216300E2800498B14 /* StoryboardDemo-Info.plist */,
				4A11970316300E2800498B14 /* InfoPlist.strings */,
				4A11970616300E2800498B14 /* main.m */,
				4A11970816300E2800498B14 /* StoryboardDemo-Prefix.pch */,
				4A11970C16300E2800498B14 /* Default.png */,
				4A11970E16300E2800498B14 /* Default@2x.png */,
				4A11971016300E2800498B14 /* Default-568h@2x.png */,
			);
			name = "Supporting Files";
			sourceTree = "<group>";
		};
/* End PBXGroup section */

/* Begin PBXNativeTarget section */
		4A1196F516300E2800498B14 /* StoryboardDemo */ = {
			isa = PBXNativeTarget;
			buildConfigurationList = 4A11971416300E2800498B14 /* Build configuration list for PBXNativeTarget "StoryboardDemo" */;
			buildPhases = (
				4A1196F216300E2800498B14 /* Sources */,
				4A1196F316300E2800498B14 /* Frameworks */,
				4A1196F416300E2800498B14 /* Resources */,
			);
			buildRules = (
			);
			dependencies = (
			);
			name = StoryboardDemo;
			productName = StoryboardDemo;
			productReference = 4A1196F616300E2800498B14 /* StoryboardDemo.app */;
			productType = "com.apple.product-type.application";
		};
/* End PBXNativeTarget section */

/* Begin PBXProject section */
		4A1196ED16300E2800498B14 /* Project object */ = {
			isa = PBXProject;
			attributes = {
				LastUpgradeCheck = 0450;
				ORGANIZATIONNAME = Apple002;
			};
			buildConfigurationList = 4A1196F016300E2800498B14 /* Build configuration list for PBXProject "StoryboardDemo" */;
			compatibilityVersion = "Xcode 3.2";
			developmentRegion = English;
			hasScannedForEncodings = 0;
			knownRegions = (
				en,
			);
			mainGroup = 4A1196EB16300E2800498B14;
			productRefGroup = 4A1196F716300E2800498B14 /* Products */;
			projectDirPath = "";
			projectRoot = "";
			targets = (
				4A1196F516300E2800498B14 /* StoryboardDemo */,
			);
		};
/* End PBXProject section */

/* Begin PBXResourcesBuildPhase section */
		4A1196F416300E2800498B14 /* Resources */ = {
			isa = PBXResourcesBuildPhase;
			buildActionMask = 2147483647;
			files = (
				4A11970516300E2800498B14 /* InfoPlist.strings in Resources */,
				4A11970D16300E2800498B14 /* Default.png in Resources */,
				4A11970F16300E2800498B14 /* Default@2x.png in Resources */,
				4A11971116300E2800498B14 /* Default-568h@2x.png in Resources */,
				4A11971816300E3D00498B14 /* Storyboard.storyboard in Resources */,
			);
			runOnlyForDeploymentPostprocessing = 0;
		};
/* End PBXResourcesBuildPhase section */

/* Begin PBXSourcesBuildPhase section */
		4A1196F216300E2800498B14 /* Sources */ = {
			isa = PBXSourcesBuildPhase;
			buildActionMask = 2147483647;
			files = (
				4A11970716300E2800498B14 /* main.m in Sources */,
				4A11970B16300E2800498B14 /* AppDelegate.m in Sources */,
			);
			runOnlyForDeploymentPostprocessing = 0;
		};
/* End PBXSourcesBuildPhase section */

/* Begin PBXVariantGroup section */
		4A11970316300E2800498B14 /* InfoPlist.strings */ = {
			isa = PBXVariantGroup;
			children = (
				4A11970416300E2800498B14 /* en */,
			);
			name = InfoPlist.strings;
			sourceTree = "<group>";
		};
/* End PBXVariantGroup section */

/* Begin XCBuildConfiguration section */
		4A11971216300E2800498B14 /* Debug */ = {
			isa = XCBuildConfiguration;
			buildSettings = {
				ALWAYS_SEARCH_USER_PATHS = NO;
				CLANG_CXX_LANGUAGE_STANDARD = "gnu++0x";
				CLANG_CXX_LIBRARY = "libc++";
				CLANG_ENABLE_OBJC_ARC = YES;
				CLANG_WARN_EMPTY_BODY = YES;
				CLANG_WARN__DUPLICATE_METHOD_MATCH = YES;
				"CODE_SIGN_IDENTITY[sdk=iphoneos*]" = "iPhone Developer";
				COPY_PHASE_STRIP = NO;
				GCC_C_LANGUAGE_STANDARD = gnu99;
				GCC_DYNAMIC_NO_PIC = NO;
				GCC_OPTIMIZATION_LEVEL = 0;
				GCC_PREPROCESSOR_DEFINITIONS = (
					"DEBUG=1",
					"$(inherited)",
				);
				GCC_SYMBOLS_PRIVATE_EXTERN = NO;
				GCC_WARN_ABOUT_RETURN_TYPE = YES;
				GCC_WARN_UNINITIALIZED_AUTOS = YES;
				GCC_WARN_UNUSED_VARIABLE = YES;
				IPHONEOS_DEPLOYMENT_TARGET = 6.0;
				ONLY_ACTIVE_ARCH = YES;
				SDKROOT = iphoneos;
				TARGETED_DEVICE_FAMILY = 2;
			};
			name = Debug;
		};
		4A11971316300E2800498B14 /* Release */ = {
			isa = XCBuildConfiguration;
			buildSettings = {
				ALWAYS_SEARCH_USER_PATHS = NO;
				CLANG_CXX_LANGUAGE_STANDARD = "gnu++0x";
				CLANG_CXX_LIBRARY = "libc++";
				CLANG_ENABLE_OBJC_ARC = YES;
				CLANG_WARN_EMPTY_BODY = YES;
				CLANG_WARN__DUPLICATE_METHOD_MATCH = YES;
				"CODE_SIGN_IDENTITY[sdk=iphoneos*]" = "iPhone Developer";
				COPY_PHASE_STRIP = YES;
				GCC_C_LANGUAGE_STANDARD = gnu99;
				GCC_WARN_ABOUT_RETURN_TYPE = YES;
				GCC_WARN_UNINITIALIZED_AUTOS = YES;
				GCC_WARN_UNUSED_VARIABLE = YES;
				IPHONEOS_DEPLOYMENT_TARGET = 6.0;
				OTHER_CFLAGS = "-DNS_BLOCK_ASSERTIONS=1";
				SDKROOT = iphoneos;
				TARGETED_DEVICE_FAMILY = 2;
				VALIDATE_PRODUCT = YES;
			};
			name = Release;
		};
		4A11971516300E2800498B14 /* Debug */ = {
			isa = XCBuildConfiguration;
			buildSettings = {
				GCC_PRECOMPILE_PREFIX_HEADER = YES;
				GCC_PREFIX_HEADER = "StoryboardDemo/StoryboardDemo-Prefix.pch";
				INFOPLIST_FILE = "StoryboardDemo/StoryboardDemo-Info.plist";
				PRODUCT_NAME = "$(TARGET_NAME)";
				WRAPPER_EXTENSION = app;
			};
			name = Debug;
		};
		4A11971616300E2800498B14 /* Release */ = {
			isa = XCBuildConfiguration;
			buildSettings = {
				GCC_PRECOMPILE_PREFIX_HEADER = YES;
				GCC_PREFIX_HEADER = "StoryboardDemo/StoryboardDemo-Prefix.pch";
				INFOPLIST_FILE = "StoryboardDemo/StoryboardDemo-Info.plist";
				PRODUCT_NAME = "$(TARGET_NAME)";
				WRAPPER_EXTENSION = app;
			};
			name = Release;
		};
/* End XCBuildConfiguration section */

/* Begin XCConfigurationList section */
		4A1196F016300E2800498B14 /* Build configuration list for PBXProject "StoryboardDemo" */ = {
			isa = XCConfigurationList;
			buildConfigurations = (
				4A11971216300E2800498B14 /* Debug */,
				4A11971316300E2800498B14 /* Release */,
			);
			defaultConfigurationIsVisible = 0;
			defaultConfigurationName = Release;
		};
		4A11971416300E2800498B14 /* Build configuration list for PBXNativeTarget "StoryboardDemo" */ = {
			isa = XCConfigurationList;
			buildConfigurations = (
				4A11971516300E2800498B14 /* Debug */,
				4A11971616300E2800498B14 /* Release */,
			);
			defaultConfigurationIsVisible = 0;
		};
/* End XCConfigurationList section */
	};
	rootObject = 4A1196ED16300E2800498B14 /* Project object */;
}
